
Microsoft Visual Studio Solution File, Format Version 12.00
# Visual Studio Version 17
VisualStudioVersion = 17.5.002.0
MinimumVisualStudioVersion = 10.0.40219.1
Project("{9A19103F-16F7-4668-BE54-9A1E7A4F7556}") = "BMSMVC", "BMSMVC.csproj", "{26149CC4-54C5-4A08-939A-41A1F391819E}"
EndProject
Global
	GlobalSection(SolutionConfigurationPlatforms) = preSolution
		Debug|Any CPU = Debug|Any CPU
		Release|Any CPU = Release|Any CPU
	EndGlobalSection
	GlobalSection(ProjectConfigurationPlatforms) = postSolution
		{26149CC4-54C5-4A08-939A-41A1F391819E}.Debug|Any CPU.ActiveCfg = Debug|Any CPU
		{26149CC4-54C5-4A08-939A-41A1F391819E}.Debug|Any CPU.Build.0 = Debug|Any CPU
		{26149CC4-54C5-4A08-939A-41A1F391819E}.Release|Any CPU.ActiveCfg = Release|Any CPU
		{26149CC4-54C5-4A08-939A-41A1F391819E}.Release|Any CPU.Build.0 = Release|Any CPU
	EndGlobalSection
	GlobalSection(SolutionProperties) = preSolution
		HideSolutionNode = FALSE
	EndGlobalSection
	GlobalSection(ExtensibilityGlobals) = postSolution
		SolutionGuid = {F48655B8-4C86-4279-A5D4-87AC07DB7396}
	EndGlobalSection
EndGlobal
